<Solution>
  <Configurations>
    <Platform Name="x64" />
  </Configurations>
  <Folder Name="/src/">
    <Project Path="src/Common/Common.csproj" />
    <Project Path="src/Loader/Loader.vcxproj" />
    <File Path="src/Shared/Core.props" />
  </Folder>
  <Folder Name="/src/Games/">
    <Project Path="src/Games/Ds2/Ds2.csproj" />
    <Project Path="src/Games/Ds3/Ds3.csproj" />
  </Folder>
  <Folder Name="/tools/">
    <Project Path="tools/SoulsTool/SoulsTool.csproj" />
  </Folder>
  <Folder Name="/games/">
    <File Path="games/DynamicKeyPrompts-xinput1_3-loader-README.txt" />
  </Folder>
  <Folder Name="/games/ds2/">
    <File Path="games/ds2/DynamicKeyPrompts-README.txt" />
    <File Path="games/ds2/nexus-description.bbcode" />
    <File Path="games/ds2/README.md" />
  </Folder>
  <Folder Name="/games/ds2/media/">
    <File Path="games/ds2/media/before-after-bonfire-menu.jpg" />
    <File Path="games/ds2/media/before-after-bonfire.jpg" />
    <File Path="games/ds2/media/before-after-lockon.jpg" />
    <File Path="games/ds2/media/before-after-menu.jpg" />
    <File Path="games/ds2/media/themes.png" />
  </Folder>
  <Folder Name="/games/ds3/">
    <File Path="games/ds3/DynamicKeyPrompts-README.txt" />
    <File Path="games/ds3/nexus-description.bbcode" />
    <File Path="games/ds3/README.md" />
  </Folder>
  <Folder Name="/games/ds3/media/">
    <File Path="games/ds3/media/before-after-bonfire-menu.jpg" />
    <File Path="games/ds3/media/before-after-bonfire.jpg" />
    <File Path="games/ds3/media/before-after-menu.jpg" />
    <File Path="games/ds3/media/before-after-tutorial.jpg" />
  </Folder>
  <Folder Name="/build/">
    <File Path=".editorconfig" />
    <File Path=".gitattributes" />
    <File Path=".gitignore" />
    <File Path="build.ps1" />
  </Folder>
  <Folder Name="/docs/">
    <File Path="CHANGELOG.md" />
    <File Path="LICENSE" />
    <File Path="README.md" />
    <File Path="THIRD-PARTY-NOTICES.md" />
  </Folder>
</Solution>
